
Microsoft Visual Studio Solution File, Format Version 12.00
# Visual Studio Version 16
VisualStudioVersion = 16.0.29215.179
MinimumVisualStudioVersion = 10.0.40219.1
Project("{FAE04EC0-301F-11D3-BF4B-00C04F79EFBC}") = "WinUI", "WinUI\WinUI.csproj", "{C6B6D72F-E645-40BF-9F60-78D78C80C0FA}"
EndProject
Project("{FAE04EC0-301F-11D3-BF4B-00C04F79EFBC}") = "Entities", "Entities\Entities.csproj", "{A434C974-B4F2-4DB5-AAE4-18B9145ED6B0}"
EndProject
Project("{FAE04EC0-301F-11D3-BF4B-00C04F79EFBC}") = "BusinessLogic", "BusinessLogic\BusinessLogic.csproj", "{13D2598E-07BF-43E4-8745-CE5330BFCFBF}"
EndProject
Project("{FAE04EC0-301F-11D3-BF4B-00C04F79EFBC}") = "DataAccess", "DataAccess\DataAccess.csproj", "{5E70E4C2-90F3-4A0A-A661-C9904C04CC3D}"
EndProject
Global
	GlobalSection(SolutionConfigurationPlatforms) = preSolution
		Debug|Any CPU = Debug|Any CPU
		Release|Any CPU = Release|Any CPU
	EndGlobalSection
	GlobalSection(ProjectConfigurationPlatforms) = postSolution
		{C6B6D72F-E645-40BF-9F60-78D78C80C0FA}.Debug|Any CPU.ActiveCfg = Debug|Any CPU
		{C6B6D72F-E645-40BF-9F60-78D78C80C0FA}.Debug|Any CPU.Build.0 = Debug|Any CPU
		{C6B6D72F-E645-40BF-9F60-78D78C80C0FA}.Release|Any CPU.ActiveCfg = Release|Any CPU
		{C6B6D72F-E645-40BF-9F60-78D78C80C0FA}.Release|Any CPU.Build.0 = Release|Any CPU
		{A434C974-B4F2-4DB5-AAE4-18B9145ED6B0}.Debug|Any CPU.ActiveCfg = Debug|Any CPU
		{A434C974-B4F2-4DB5-AAE4-18B9145ED6B0}.Debug|Any CPU.Build.0 = Debug|Any CPU
		{A434C974-B4F2-4DB5-AAE4-18B9145ED6B0}.Release|Any CPU.ActiveCfg = Release|Any CPU
		{A434C974-B4F2-4DB5-AAE4-18B9145ED6B0}.Release|Any CPU.Build.0 = Release|Any CPU
		{13D2598E-07BF-43E4-8745-CE5330BFCFBF}.Debug|Any CPU.ActiveCfg = Debug|Any CPU
		{13D2598E-07BF-43E4-8745-CE5330BFCFBF}.Debug|Any CPU.Build.0 = Debug|Any CPU
		{13D2598E-07BF-43E4-8745-CE5330BFCFBF}.Release|Any CPU.ActiveCfg = Release|Any CPU
		{13D2598E-07BF-43E4-8745-CE5330BFCFBF}.Release|Any CPU.Build.0 = Release|Any CPU
		{5E70E4C2-90F3-4A0A-A661-C9904C04CC3D}.Debug|Any CPU.ActiveCfg = Debug|Any CPU
		{5E70E4C2-90F3-4A0A-A661-C9904C04CC3D}.Debug|Any CPU.Build.0 = Debug|Any CPU
		{5E70E4C2-90F3-4A0A-A661-C9904C04CC3D}.Release|Any CPU.ActiveCfg = Release|Any CPU
		{5E70E4C2-90F3-4A0A-A661-C9904C04CC3D}.Release|Any CPU.Build.0 = Release|Any CPU
	EndGlobalSection
	GlobalSection(SolutionProperties) = preSolution
		HideSolutionNode = FALSE
	EndGlobalSection
	GlobalSection(ExtensibilityGlobals) = postSolution
		SolutionGuid = {4DCAC39F-13CE-4A7A-A652-EF5CA24D4C34}
	EndGlobalSection
EndGlobal
